
Microsoft Visual Studio Solution File, Format Version 12.00
# Visual Studio 15
VisualStudioVersion = 15.0.28307.1062
MinimumVisualStudioVersion = 10.0.40219.1
Project("{8BC9CEB8-8B4A-11D0-8D11-00A0C91BC942}") = "DX-02 MessageBox", "DX-02 MessageBox\DX-02 MessageBox.vcxproj", "{27F934F2-251F-40E1-A1FE-1864A01B8BA9}"
EndProject
Global
	GlobalSection(SolutionConfigurationPlatforms) = preSolution
		Debug|x64 = Debug|x64
		Debug|x86 = Debug|x86
		Release|x64 = Release|x64
		Release|x86 = Release|x86
	EndGlobalSection
	GlobalSection(ProjectConfigurationPlatforms) = postSolution
		{27F934F2-251F-40E1-A1FE-1864A01B8BA9}.Debug|x64.ActiveCfg = Debug|x64
		{27F934F2-251F-40E1-A1FE-1864A01B8BA9}.Debug|x64.Build.0 = Debug|x64
		{27F934F2-251F-40E1-A1FE-1864A01B8BA9}.Debug|x86.ActiveCfg = Debug|Win32
		{27F934F2-251F-40E1-A1FE-1864A01B8BA9}.Debug|x86.Build.0 = Debug|Win32
		{27F934F2-251F-40E1-A1FE-1864A01B8BA9}.Release|x64.ActiveCfg = Release|x64
		{27F934F2-251F-40E1-A1FE-1864A01B8BA9}.Release|x64.Build.0 = Release|x64
		{27F934F2-251F-40E1-A1FE-1864A01B8BA9}.Release|x86.ActiveCfg = Release|Win32
		{27F934F2-251F-40E1-A1FE-1864A01B8BA9}.Release|x86.Build.0 = Release|Win32
	EndGlobalSection
	GlobalSection(SolutionProperties) = preSolution
		HideSolutionNode = FALSE
	EndGlobalSection
	GlobalSection(ExtensibilityGlobals) = postSolution
		SolutionGuid = {A41DA7D5-4BB1-40FE-855D-7D75AD844AF8}
	EndGlobalSection
EndGlobal
